
Microsoft Visual Studio Solution File, Format Version 12.00
# Visual Studio Version 17
VisualStudioVersion = 17.1.32210.238
MinimumVisualStudioVersion = 10.0.40219.1
Project("{FAE04EC0-301F-11D3-BF4B-00C04F79EFBC}") = "LR7", "LR7.csproj", "{E4AEC3F4-CD93-4D21-8BC8-409F25DC190D}"
EndProject
Global
	GlobalSection(SolutionConfigurationPlatforms) = preSolution
		Debug|Any CPU = Debug|Any CPU
		Release|Any CPU = Release|Any CPU
	EndGlobalSection
	GlobalSection(ProjectConfigurationPlatforms) = postSolution
		{E4AEC3F4-CD93-4D21-8BC8-409F25DC190D}.Debug|Any CPU.ActiveCfg = Debug|Any CPU
		{E4AEC3F4-CD93-4D21-8BC8-409F25DC190D}.Debug|Any CPU.Build.0 = Debug|Any CPU
		{E4AEC3F4-CD93-4D21-8BC8-409F25DC190D}.Release|Any CPU.ActiveCfg = Release|Any CPU
		{E4AEC3F4-CD93-4D21-8BC8-409F25DC190D}.Release|Any CPU.Build.0 = Release|Any CPU
	EndGlobalSection
	GlobalSection(SolutionProperties) = preSolution
		HideSolutionNode = FALSE
	EndGlobalSection
	GlobalSection(ExtensibilityGlobals) = postSolution
		SolutionGuid = {6FACB2FA-C7A2-41D1-8E36-BAA8E9EE386C}
	EndGlobalSection
EndGlobal
